
Microsoft Visual Studio Solution File, Format Version 12.00
# Visual Studio Version 17
VisualStudioVersion = 17.14.36518.9 d17.14
MinimumVisualStudioVersion = 10.0.40219.1
Project("{FAE04EC0-301F-11D3-BF4B-00C04F79EFBC}") = "Aron_V3", "Aron_V3.csproj", "{F419520E-CC02-4EC2-BF70-E57B54AF9502}"
EndProject
Global
	GlobalSection(SolutionConfigurationPlatforms) = preSolution
		Debug|Any CPU = Debug|Any CPU
		Release|Any CPU = Release|Any CPU
	EndGlobalSection
	GlobalSection(ProjectConfigurationPlatforms) = postSolution
		{F419520E-CC02-4EC2-BF70-E57B54AF9502}.Debug|Any CPU.ActiveCfg = Debug|Any CPU
		{F419520E-CC02-4EC2-BF70-E57B54AF9502}.Debug|Any CPU.Build.0 = Debug|Any CPU
		{F419520E-CC02-4EC2-BF70-E57B54AF9502}.Release|Any CPU.ActiveCfg = Release|Any CPU
		{F419520E-CC02-4EC2-BF70-E57B54AF9502}.Release|Any CPU.Build.0 = Release|Any CPU
	EndGlobalSection
	GlobalSection(SolutionProperties) = preSolution
		HideSolutionNode = FALSE
	EndGlobalSection
	GlobalSection(ExtensibilityGlobals) = postSolution
		SolutionGuid = {ACD39468-1EDD-47EC-B571-62E5B908F02F}
	EndGlobalSection
EndGlobal
